
Microsoft Visual Studio Solution File, Format Version 12.00
# Visual Studio Version 16
VisualStudioVersion = 16.0.31005.135
MinimumVisualStudioVersion = 10.0.40219.1
Project("{9A19103F-16F7-4668-BE54-9A1E7A4F7556}") = "MockCrud", "MockCrud.csproj", "{2317258B-058D-41FB-A5F7-E9941C564FC5}"
EndProject
Project("{FAE04EC0-301F-11D3-BF4B-00C04F79EFBC}") = "MockCrudTests", "..\MockCrudTests\MockCrudTests.csproj", "{C886E352-6D44-49AA-969B-AA2A69D244DF}"
EndProject
Global
	GlobalSection(SolutionConfigurationPlatforms) = preSolution
		Debug|Any CPU = Debug|Any CPU
		Release|Any CPU = Release|Any CPU
	EndGlobalSection
	GlobalSection(ProjectConfigurationPlatforms) = postSolution
		{2317258B-058D-41FB-A5F7-E9941C564FC5}.Debug|Any CPU.ActiveCfg = Debug|Any CPU
		{2317258B-058D-41FB-A5F7-E9941C564FC5}.Debug|Any CPU.Build.0 = Debug|Any CPU
		{2317258B-058D-41FB-A5F7-E9941C564FC5}.Release|Any CPU.ActiveCfg = Release|Any CPU
		{2317258B-058D-41FB-A5F7-E9941C564FC5}.Release|Any CPU.Build.0 = Release|Any CPU
		{C886E352-6D44-49AA-969B-AA2A69D244DF}.Debug|Any CPU.ActiveCfg = Debug|Any CPU
		{C886E352-6D44-49AA-969B-AA2A69D244DF}.Debug|Any CPU.Build.0 = Debug|Any CPU
		{C886E352-6D44-49AA-969B-AA2A69D244DF}.Release|Any CPU.ActiveCfg = Release|Any CPU
		{C886E352-6D44-49AA-969B-AA2A69D244DF}.Release|Any CPU.Build.0 = Release|Any CPU
	EndGlobalSection
	GlobalSection(SolutionProperties) = preSolution
		HideSolutionNode = FALSE
	EndGlobalSection
	GlobalSection(ExtensibilityGlobals) = postSolution
		SolutionGuid = {87EBC3C2-3012-444D-A8D0-C7B7AD91942F}
	EndGlobalSection
EndGlobal
